{
    "requires": true,
    "lockfileVersion": 1,
    "dependencies": {
        "argparse": {
            "version": "1.0.10",
            "resolved": "https://registry.npmjs.org/argparse/-/argparse-1.0.10.tgz",
            "integrity": "sha512-o5Roy6tNG4SL/FOkCAN6RzjiakZS25RLYFrcMttJqbdd8BWrnA+fGz57iN5Pb06pvBGvl5gQ0B48dJlslXvoTg==",
            "requires": {
                "sprintf-js": "1.0.3"
            }
        },
        "entities": {
            "version": "1.1.1",
            "resolved": "https://registry.npmjs.org/entities/-/entities-1.1.1.tgz",
            "integrity": "sha1-blwtClYhtdra7O+AuQ7ftc13cvA="
        },
        "linkify-it": {
            "version": "2.0.3",
            "resolved": "https://registry.npmjs.org/linkify-it/-/linkify-it-2.0.3.tgz",
            "integrity": "sha1-2UpGSPmxwXnWT6lykSaL22zpQ08=",
            "requires": {
                "uc.micro": "1.0.5"
            }
        },
        "markdown-it": {
            "version": "8.4.1",
            "resolved": "https://registry.npmjs.org/markdown-it/-/markdown-it-8.4.1.tgz",
            "integrity": "sha512-CzzqSSNkFRUf9vlWvhK1awpJreMRqdCrBvZ8DIoDWTOkESMIF741UPAhuAmbyWmdiFPA6WARNhnu2M6Nrhwa+A==",
            "requires": {
                "argparse": "1.0.10",
                "entities": "1.1.1",
                "linkify-it": "2.0.3",
                "mdurl": "1.0.1",
                "uc.micro": "1.0.5"
            }
        },
        "mdurl": {
            "version": "1.0.1",
            "resolved": "https://registry.npmjs.org/mdurl/-/mdurl-1.0.1.tgz",
            "integrity": "sha1-/oWy7HWlkDfyrf7BAP1sYBdhFS4="
        },
        "sprintf-js": {
            "version": "1.0.3",
            "resolved": "https://registry.npmjs.org/sprintf-js/-/sprintf-js-1.0.3.tgz",
            "integrity": "sha1-BOaSb2YolTVPPdAVIDYzuFcpfiw="
        },
        "uc.micro": {
            "version": "1.0.5",
            "resolved": "https://registry.npmjs.org/uc.micro/-/uc.micro-1.0.5.tgz",
            "integrity": "sha512-JoLI4g5zv5qNyT09f4YAvEZIIV1oOjqnewYg5D38dkQljIzpPT296dbIGvKro3digYI1bkb7W6EP1y4uDlmzLg=="
        }
    }
}
